# This file is automatically @generated by Cargo.
# It is not intended for manual editing.
[[package]]
name = "cstring"
version = "0.0.4"
source = "registry+https://github.com/rust-lang/crates.io-index"
checksum = "f59de94c81f8ba8b78c997112fa1efdff7d52829e026ce2671bf6ad9b738a29f"
dependencies = [
 "cty",
 "memchr",
]

[[package]]
name = "cty"
version = "0.2.1"
source = "registry+https://github.com/rust-lang/crates.io-index"
checksum = "7313c0d620d0cb4dbd9d019e461a4beb501071ff46ec0ab933efb4daa76d73e3"

[[package]]
name = "memchr"
version = "2.3.4"
source = "registry+https://github.com/rust-lang/crates.io-index"
checksum = "0ee1c47aaa256ecabcaea351eae4a9b01ef39ed810004e298d2511ed284b1525"

[[package]]
name = "waspc"
version = "0.1.0"
dependencies = [
 "cstring",
]
