# This file is automatically @generated by Cargo.
# It is not intended for manual editing.
[[package]]
name = "cstring"
version = "0.1.1"
source = "registry+https://github.com/rust-lang/crates.io-index"
checksum = "4592a21c5c6db349be8e91c73c3a1a35df87348f2f1f732d1bf6642e425ead3c"
dependencies = [
 "cty",
 "memchr",
]

[[package]]
name = "cty"
version = "0.2.1"
source = "registry+https://github.com/rust-lang/crates.io-index"
checksum = "7313c0d620d0cb4dbd9d019e461a4beb501071ff46ec0ab933efb4daa76d73e3"

[[package]]
name = "leb128"
version = "0.2.4"
source = "registry+https://github.com/rust-lang/crates.io-index"
checksum = "3576a87f2ba00f6f106fdfcd16db1d698d648a26ad8e0573cad8537c3c362d2a"

[[package]]
name = "memchr"
version = "2.3.4"
source = "registry+https://github.com/rust-lang/crates.io-index"
checksum = "0ee1c47aaa256ecabcaea351eae4a9b01ef39ed810004e298d2511ed284b1525"

[[package]]
name = "wasm-compiler"
version = "0.0.0"
dependencies = [
 "cstring",
]

[[package]]
name = "wast"
version = "27.0.0"
source = "registry+https://github.com/rust-lang/crates.io-index"
checksum = "c2c3ef5f6a72dffa44c24d5811123f704e18a1dbc83637d347b1852b41d3835c"
dependencies = [
 "leb128",
]

[[package]]
name = "wat"
version = "1.0.28"
source = "registry+https://github.com/rust-lang/crates.io-index"
checksum = "835cf59c907f67e2bbc20f50157e08f35006fe2a8444d8ec9f5683e22f937045"
dependencies = [
 "wast",
]

[[package]]
name = "watc"
version = "0.1.0"
dependencies = [
 "wasm-compiler",
 "wat",
]
